// !$*UTF8*$!
{
	archiveVersion = 1;
	classes = {
	};
	objectVersion = 55;
	objects = {

/* Begin PBXBuildFile section */
		8218FEB642538DA94188F23C /* Pods_Krungsri_assignment.framework in Frameworks */ = {isa = PBXBuildFile; fileRef = E63C1959547504A9E9416BFF /* Pods_Krungsri_assignment.framework */; };
		A37AC70C28AFB3F4007EF09C /* AppDelegate.swift in Sources */ = {isa = PBXBuildFile; fileRef = A37AC70B28AFB3F4007EF09C /* AppDelegate.swift */; };
		A37AC70E28AFB3F4007EF09C /* SceneDelegate.swift in Sources */ = {isa = PBXBuildFile; fileRef = A37AC70D28AFB3F4007EF09C /* SceneDelegate.swift */; };
		A37AC71028AFB3F4007EF09C /* MainViewController.swift in Sources */ = {isa = PBXBuildFile; fileRef = A37AC70F28AFB3F4007EF09C /* MainViewController.swift */; };
		A37AC71328AFB3F4007EF09C /* Main.storyboard in Resources */ = {isa = PBXBuildFile; fileRef = A37AC71128AFB3F4007EF09C /* Main.storyboard */; };
		A37AC71528AFB3F4007EF09C /* Assets.xcassets in Resources */ = {isa = PBXBuildFile; fileRef = A37AC71428AFB3F4007EF09C /* Assets.xcassets */; };
		A37AC71828AFB3F4007EF09C /* LaunchScreen.storyboard in Resources */ = {isa = PBXBuildFile; fileRef = A37AC71628AFB3F4007EF09C /* LaunchScreen.storyboard */; };
		A37AC73228AFF689007EF09C /* BaseCoordinator.swift in Sources */ = {isa = PBXBuildFile; fileRef = A37AC73128AFF689007EF09C /* BaseCoordinator.swift */; };
		A37AC73428AFF716007EF09C /* MainCoordinator.swift in Sources */ = {isa = PBXBuildFile; fileRef = A37AC73328AFF716007EF09C /* MainCoordinator.swift */; };
		A37AC73728AFFFD1007EF09C /* UIViewControllerExtension.swift in Sources */ = {isa = PBXBuildFile; fileRef = A37AC73628AFFFD1007EF09C /* UIViewControllerExtension.swift */; };
		A37AC73928B000AE007EF09C /* Constant.swift in Sources */ = {isa = PBXBuildFile; fileRef = A37AC73828B000AE007EF09C /* Constant.swift */; };
		A37AC73B28B00324007EF09C /* BaseViewController.swift in Sources */ = {isa = PBXBuildFile; fileRef = A37AC73A28B00324007EF09C /* BaseViewController.swift */; };
		A37AC73D28B0032A007EF09C /* BaseViewModel.swift in Sources */ = {isa = PBXBuildFile; fileRef = A37AC73C28B0032A007EF09C /* BaseViewModel.swift */; };
/* End PBXBuildFile section */

/* Begin PBXFileReference section */
		29EC4FB9AA8952706CB11C23 /* Pods-Krungsri_assignment.release.xcconfig */ = {isa = PBXFileReference; includeInIndex = 1; lastKnownFileType = text.xcconfig; name = "Pods-Krungsri_assignment.release.xcconfig"; path = "Target Support Files/Pods-Krungsri_assignment/Pods-Krungsri_assignment.release.xcconfig"; sourceTree = "<group>"; };
		A37AC70828AFB3F4007EF09C /* Krungsri_assignment.app */ = {isa = PBXFileReference; explicitFileType = wrapper.application; includeInIndex = 0; path = Krungsri_assignment.app; sourceTree = BUILT_PRODUCTS_DIR; };
		A37AC70B28AFB3F4007EF09C /* AppDelegate.swift */ = {isa = PBXFileReference; lastKnownFileType = sourcecode.swift; path = AppDelegate.swift; sourceTree = "<group>"; };
		A37AC70D28AFB3F4007EF09C /* SceneDelegate.swift */ = {isa = PBXFileReference; lastKnownFileType = sourcecode.swift; path = SceneDelegate.swift; sourceTree = "<group>"; };
		A37AC70F28AFB3F4007EF09C /* MainViewController.swift */ = {isa = PBXFileReference; lastKnownFileType = sourcecode.swift; path = MainViewController.swift; sourceTree = "<group>"; };
		A37AC71228AFB3F4007EF09C /* Base */ = {isa = PBXFileReference; lastKnownFileType = file.storyboard; name = Base; path = Base.lproj/Main.storyboard; sourceTree = "<group>"; };
		A37AC71428AFB3F4007EF09C /* Assets.xcassets */ = {isa = PBXFileReference; lastKnownFileType = folder.assetcatalog; path = Assets.xcassets; sourceTree = "<group>"; };
		A37AC71728AFB3F4007EF09C /* Base */ = {isa = PBXFileReference; lastKnownFileType = file.storyboard; name = Base; path = Base.lproj/LaunchScreen.storyboard; sourceTree = "<group>"; };
		A37AC71928AFB3F4007EF09C /* Info.plist */ = {isa = PBXFileReference; lastKnownFileType = text.plist.xml; path = Info.plist; sourceTree = "<group>"; };
		A37AC73128AFF689007EF09C /* BaseCoordinator.swift */ = {isa = PBXFileReference; lastKnownFileType = sourcecode.swift; path = BaseCoordinator.swift; sourceTree = "<group>"; };
		A37AC73328AFF716007EF09C /* MainCoordinator.swift */ = {isa = PBXFileReference; lastKnownFileType = sourcecode.swift; path = MainCoordinator.swift; sourceTree = "<group>"; };
		A37AC73628AFFFD1007EF09C /* UIViewControllerExtension.swift */ = {isa = PBXFileReference; lastKnownFileType = sourcecode.swift; path = UIViewControllerExtension.swift; sourceTree = "<group>"; };
		A37AC73828B000AE007EF09C /* Constant.swift */ = {isa = PBXFileReference; lastKnownFileType = sourcecode.swift; path = Constant.swift; sourceTree = "<group>"; };
		A37AC73A28B00324007EF09C /* BaseViewController.swift */ = {isa = PBXFileReference; lastKnownFileType = sourcecode.swift; path = BaseViewController.swift; sourceTree = "<group>"; };
		A37AC73C28B0032A007EF09C /* BaseViewModel.swift */ = {isa = PBXFileReference; lastKnownFileType = sourcecode.swift; path = BaseViewModel.swift; sourceTree = "<group>"; };
		E63C1959547504A9E9416BFF /* Pods_Krungsri_assignment.framework */ = {isa = PBXFileReference; explicitFileType = wrapper.framework; includeInIndex = 0; path = Pods_Krungsri_assignment.framework; sourceTree = BUILT_PRODUCTS_DIR; };
		F50D41AF0E1EC17D9DF943EA /* Pods-Krungsri_assignment.debug.xcconfig */ = {isa = PBXFileReference; includeInIndex = 1; lastKnownFileType = text.xcconfig; name = "Pods-Krungsri_assignment.debug.xcconfig"; path = "Target Support Files/Pods-Krungsri_assignment/Pods-Krungsri_assignment.debug.xcconfig"; sourceTree = "<group>"; };
/* End PBXFileReference section */

/* Begin PBXFrameworksBuildPhase section */
		A37AC70528AFB3F4007EF09C /* Frameworks */ = {
			isa = PBXFrameworksBuildPhase;
			buildActionMask = 2147483647;
			files = (
				8218FEB642538DA94188F23C /* Pods_Krungsri_assignment.framework in Frameworks */,
			);
			runOnlyForDeploymentPostprocessing = 0;
		};
/* End PBXFrameworksBuildPhase section */

/* Begin PBXGroup section */
		45CA09DE911A20D76C52FA57 /* Pods */ = {
			isa = PBXGroup;
			children = (
				F50D41AF0E1EC17D9DF943EA /* Pods-Krungsri_assignment.debug.xcconfig */,
				29EC4FB9AA8952706CB11C23 /* Pods-Krungsri_assignment.release.xcconfig */,
			);
			path = Pods;
			sourceTree = "<group>";
		};
		9366341B670110FB47258DB0 /* Frameworks */ = {
			isa = PBXGroup;
			children = (
				E63C1959547504A9E9416BFF /* Pods_Krungsri_assignment.framework */,
			);
			name = Frameworks;
			sourceTree = "<group>";
		};
		A37AC6FF28AFB3F4007EF09C = {
			isa = PBXGroup;
			children = (
				A37AC70A28AFB3F4007EF09C /* Krungsri_assignment */,
				A37AC70928AFB3F4007EF09C /* Products */,
				45CA09DE911A20D76C52FA57 /* Pods */,
				9366341B670110FB47258DB0 /* Frameworks */,
			);
			sourceTree = "<group>";
		};
		A37AC70928AFB3F4007EF09C /* Products */ = {
			isa = PBXGroup;
			children = (
				A37AC70828AFB3F4007EF09C /* Krungsri_assignment.app */,
			);
			name = Products;
			sourceTree = "<group>";
		};
		A37AC70A28AFB3F4007EF09C /* Krungsri_assignment */ = {
			isa = PBXGroup;
			children = (
				A37AC70B28AFB3F4007EF09C /* AppDelegate.swift */,
				A37AC70D28AFB3F4007EF09C /* SceneDelegate.swift */,
				A37AC73828B000AE007EF09C /* Constant.swift */,
				A37AC71F28AFF4BC007EF09C /* MainView */,
				A37AC73028AFF676007EF09C /* Base */,
				A37AC73528AFFFB6007EF09C /* Extension */,
				A37AC71428AFB3F4007EF09C /* Assets.xcassets */,
				A37AC71628AFB3F4007EF09C /* LaunchScreen.storyboard */,
				A37AC71928AFB3F4007EF09C /* Info.plist */,
			);
			path = Krungsri_assignment;
			sourceTree = "<group>";
		};
		A37AC71F28AFF4BC007EF09C /* MainView */ = {
			isa = PBXGroup;
			children = (
				A37AC73328AFF716007EF09C /* MainCoordinator.swift */,
				A37AC70F28AFB3F4007EF09C /* MainViewController.swift */,
				A37AC71128AFB3F4007EF09C /* Main.storyboard */,
			);
			path = MainView;
			sourceTree = "<group>";
		};
		A37AC73028AFF676007EF09C /* Base */ = {
			isa = PBXGroup;
			children = (
				A37AC73128AFF689007EF09C /* BaseCoordinator.swift */,
				A37AC73A28B00324007EF09C /* BaseViewController.swift */,
				A37AC73C28B0032A007EF09C /* BaseViewModel.swift */,
			);
			path = Base;
			sourceTree = "<group>";
		};
		A37AC73528AFFFB6007EF09C /* Extension */ = {
			isa = PBXGroup;
			children = (
				A37AC73628AFFFD1007EF09C /* UIViewControllerExtension.swift */,
			);
			path = Extension;
			sourceTree = "<group>";
		};
/* End PBXGroup section */

/* Begin PBXNativeTarget section */
		A37AC70728AFB3F4007EF09C /* Krungsri_assignment */ = {
			isa = PBXNativeTarget;
			buildConfigurationList = A37AC71C28AFB3F4007EF09C /* Build configuration list for PBXNativeTarget "Krungsri_assignment" */;
			buildPhases = (
				226916D143FBE4536F0170F0 /* [CP] Check Pods Manifest.lock */,
				A37AC70428AFB3F4007EF09C /* Sources */,
				A37AC70528AFB3F4007EF09C /* Frameworks */,
				A37AC70628AFB3F4007EF09C /* Resources */,
				5E69B0AF1A3C76FB70E6D9C3 /* [CP] Embed Pods Frameworks */,
			);
			buildRules = (
			);
			dependencies = (
			);
			name = Krungsri_assignment;
			productName = Krungsri_assignment;
			productReference = A37AC70828AFB3F4007EF09C /* Krungsri_assignment.app */;
			productType = "com.apple.product-type.application";
		};
/* End PBXNativeTarget section */

/* Begin PBXProject section */
		A37AC70028AFB3F4007EF09C /* Project object */ = {
			isa = PBXProject;
			attributes = {
				BuildIndependentTargetsInParallel = 1;
				LastSwiftUpdateCheck = 1340;
				LastUpgradeCheck = 1340;
				TargetAttributes = {
					A37AC70728AFB3F4007EF09C = {
						CreatedOnToolsVersion = 13.4.1;
					};
				};
			};
			buildConfigurationList = A37AC70328AFB3F4007EF09C /* Build configuration list for PBXProject "Krungsri_assignment" */;
			compatibilityVersion = "Xcode 13.0";
			developmentRegion = en;
			hasScannedForEncodings = 0;
			knownRegions = (
				en,
				Base,
			);
			mainGroup = A37AC6FF28AFB3F4007EF09C;
			productRefGroup = A37AC70928AFB3F4007EF09C /* Products */;
			projectDirPath = "";
			projectRoot = "";
			targets = (
				A37AC70728AFB3F4007EF09C /* Krungsri_assignment */,
			);
		};
/* End PBXProject section */

/* Begin PBXResourcesBuildPhase section */
		A37AC70628AFB3F4007EF09C /* Resources */ = {
			isa = PBXResourcesBuildPhase;
			buildActionMask = 2147483647;
			files = (
				A37AC71828AFB3F4007EF09C /* LaunchScreen.storyboard in Resources */,
				A37AC71528AFB3F4007EF09C /* Assets.xcassets in Resources */,
				A37AC71328AFB3F4007EF09C /* Main.storyboard in Resources */,
			);
			runOnlyForDeploymentPostprocessing = 0;
		};
/* End PBXResourcesBuildPhase section */

/* Begin PBXShellScriptBuildPhase section */
		226916D143FBE4536F0170F0 /* [CP] Check Pods Manifest.lock */ = {
			isa = PBXShellScriptBuildPhase;
			buildActionMask = 2147483647;
			files = (
			);
			inputFileListPaths = (
			);
			inputPaths = (
				"${PODS_PODFILE_DIR_PATH}/Podfile.lock",
				"${PODS_ROOT}/Manifest.lock",
			);
			name = "[CP] Check Pods Manifest.lock";
			outputFileListPaths = (
			);
			outputPaths = (
				"$(DERIVED_FILE_DIR)/Pods-Krungsri_assignment-checkManifestLockResult.txt",
			);
			runOnlyForDeploymentPostprocessing = 0;
			shellPath = /bin/sh;
			shellScript = "diff \"${PODS_PODFILE_DIR_PATH}/Podfile.lock\" \"${PODS_ROOT}/Manifest.lock\" > /dev/null\nif [ $? != 0 ] ; then\n    # print error to STDERR\n    echo \"error: The sandbox is not in sync with the Podfile.lock. Run 'pod install' or update your CocoaPods installation.\" >&2\n    exit 1\nfi\n# This output is used by Xcode 'outputs' to avoid re-running this script phase.\necho \"SUCCESS\" > \"${SCRIPT_OUTPUT_FILE_0}\"\n";
			showEnvVarsInLog = 0;
		};
		5E69B0AF1A3C76FB70E6D9C3 /* [CP] Embed Pods Frameworks */ = {
			isa = PBXShellScriptBuildPhase;
			buildActionMask = 2147483647;
			files = (
			);
			inputFileListPaths = (
				"${PODS_ROOT}/Target Support Files/Pods-Krungsri_assignment/Pods-Krungsri_assignment-frameworks-${CONFIGURATION}-input-files.xcfilelist",
			);
			name = "[CP] Embed Pods Frameworks";
			outputFileListPaths = (
				"${PODS_ROOT}/Target Support Files/Pods-Krungsri_assignment/Pods-Krungsri_assignment-frameworks-${CONFIGURATION}-output-files.xcfilelist",
			);
			runOnlyForDeploymentPostprocessing = 0;
			shellPath = /bin/sh;
			shellScript = "\"${PODS_ROOT}/Target Support Files/Pods-Krungsri_assignment/Pods-Krungsri_assignment-frameworks.sh\"\n";
			showEnvVarsInLog = 0;
		};
/* End PBXShellScriptBuildPhase section */

/* Begin PBXSourcesBuildPhase section */
		A37AC70428AFB3F4007EF09C /* Sources */ = {
			isa = PBXSourcesBuildPhase;
			buildActionMask = 2147483647;
			files = (
				A37AC73928B000AE007EF09C /* Constant.swift in Sources */,
				A37AC71028AFB3F4007EF09C /* MainViewController.swift in Sources */,
				A37AC70C28AFB3F4007EF09C /* AppDelegate.swift in Sources */,
				A37AC73728AFFFD1007EF09C /* UIViewControllerExtension.swift in Sources */,
				A37AC70E28AFB3F4007EF09C /* SceneDelegate.swift in Sources */,
				A37AC73D28B0032A007EF09C /* BaseViewModel.swift in Sources */,
				A37AC73B28B00324007EF09C /* BaseViewController.swift in Sources */,
				A37AC73428AFF716007EF09C /* MainCoordinator.swift in Sources */,
				A37AC73228AFF689007EF09C /* BaseCoordinator.swift in Sources */,
			);
			runOnlyForDeploymentPostprocessing = 0;
		};
/* End PBXSourcesBuildPhase section */

/* Begin PBXVariantGroup section */
		A37AC71128AFB3F4007EF09C /* Main.storyboard */ = {
			isa = PBXVariantGroup;
			children = (
				A37AC71228AFB3F4007EF09C /* Base */,
			);
			name = Main.storyboard;
			sourceTree = "<group>";
		};
		A37AC71628AFB3F4007EF09C /* LaunchScreen.storyboard */ = {
			isa = PBXVariantGroup;
			children = (
				A37AC71728AFB3F4007EF09C /* Base */,
			);
			name = LaunchScreen.storyboard;
			sourceTree = "<group>";
		};
/* End PBXVariantGroup section */

/* Begin XCBuildConfiguration section */
		A37AC71A28AFB3F4007EF09C /* Debug */ = {
			isa = XCBuildConfiguration;
			buildSettings = {
				ALWAYS_SEARCH_USER_PATHS = NO;
				CLANG_ANALYZER_NONNULL = YES;
				CLANG_ANALYZER_NUMBER_OBJECT_CONVERSION = YES_AGGRESSIVE;
				CLANG_CXX_LANGUAGE_STANDARD = "gnu++17";
				CLANG_ENABLE_MODULES = YES;
				CLANG_ENABLE_OBJC_ARC = YES;
				CLANG_ENABLE_OBJC_WEAK = YES;
				CLANG_WARN_BLOCK_CAPTURE_AUTORELEASING = YES;
				CLANG_WARN_BOOL_CONVERSION = YES;
				CLANG_WARN_COMMA = YES;
				CLANG_WARN_CONSTANT_CONVERSION = YES;
				CLANG_WARN_DEPRECATED_OBJC_IMPLEMENTATIONS = YES;
				CLANG_WARN_DIRECT_OBJC_ISA_USAGE = YES_ERROR;
				CLANG_WARN_DOCUMENTATION_COMMENTS = YES;
				CLANG_WARN_EMPTY_BODY = YES;
				CLANG_WARN_ENUM_CONVERSION = YES;
				CLANG_WARN_INFINITE_RECURSION = YES;
				CLANG_WARN_INT_CONVERSION = YES;
				CLANG_WARN_NON_LITERAL_NULL_CONVERSION = YES;
				CLANG_WARN_OBJC_IMPLICIT_RETAIN_SELF = YES;
				CLANG_WARN_OBJC_LITERAL_CONVERSION = YES;
				CLANG_WARN_OBJC_ROOT_CLASS = YES_ERROR;
				CLANG_WARN_QUOTED_INCLUDE_IN_FRAMEWORK_HEADER = YES;
				CLANG_WARN_RANGE_LOOP_ANALYSIS = YES;
				CLANG_WARN_STRICT_PROTOTYPES = YES;
				CLANG_WARN_SUSPICIOUS_MOVE = YES;
				CLANG_WARN_UNGUARDED_AVAILABILITY = YES_AGGRESSIVE;
				CLANG_WARN_UNREACHABLE_CODE = YES;
				CLANG_WARN__DUPLICATE_METHOD_MATCH = YES;
				COPY_PHASE_STRIP = NO;
				DEBUG_INFORMATION_FORMAT = dwarf;
				ENABLE_STRICT_OBJC_MSGSEND = YES;
				ENABLE_TESTABILITY = YES;
				GCC_C_LANGUAGE_STANDARD = gnu11;
				GCC_DYNAMIC_NO_PIC = NO;
				GCC_NO_COMMON_BLOCKS = YES;
				GCC_OPTIMIZATION_LEVEL = 0;
				GCC_PREPROCESSOR_DEFINITIONS = (
					"DEBUG=1",
					"$(inherited)",
				);
				GCC_WARN_64_TO_32_BIT_CONVERSION = YES;
				GCC_WARN_ABOUT_RETURN_TYPE = YES_ERROR;
				GCC_WARN_UNDECLARED_SELECTOR = YES;
				GCC_WARN_UNINITIALIZED_AUTOS = YES_AGGRESSIVE;
				GCC_WARN_UNUSED_FUNCTION = YES;
				GCC_WARN_UNUSED_VARIABLE = YES;
				IPHONEOS_DEPLOYMENT_TARGET = 15.5;
				MTL_ENABLE_DEBUG_INFO = INCLUDE_SOURCE;
				MTL_FAST_MATH = YES;
				ONLY_ACTIVE_ARCH = YES;
				SDKROOT = iphoneos;
				SWIFT_ACTIVE_COMPILATION_CONDITIONS = DEBUG;
				SWIFT_OPTIMIZATION_LEVEL = "-Onone";
			};
			name = Debug;
		};
		A37AC71B28AFB3F4007EF09C /* Release */ = {
			isa = XCBuildConfiguration;
			buildSettings = {
				ALWAYS_SEARCH_USER_PATHS = NO;
				CLANG_ANALYZER_NONNULL = YES;
				CLANG_ANALYZER_NUMBER_OBJECT_CONVERSION = YES_AGGRESSIVE;
				CLANG_CXX_LANGUAGE_STANDARD = "gnu++17";
				CLANG_ENABLE_MODULES = YES;
				CLANG_ENABLE_OBJC_ARC = YES;
				CLANG_ENABLE_OBJC_WEAK = YES;
				CLANG_WARN_BLOCK_CAPTURE_AUTORELEASING = YES;
				CLANG_WARN_BOOL_CONVERSION = YES;
				CLANG_WARN_COMMA = YES;
				CLANG_WARN_CONSTANT_CONVERSION = YES;
				CLANG_WARN_DEPRECATED_OBJC_IMPLEMENTATIONS = YES;
				CLANG_WARN_DIRECT_OBJC_ISA_USAGE = YES_ERROR;
				CLANG_WARN_DOCUMENTATION_COMMENTS = YES;
				CLANG_WARN_EMPTY_BODY = YES;
				CLANG_WARN_ENUM_CONVERSION = YES;
				CLANG_WARN_INFINITE_RECURSION = YES;
				CLANG_WARN_INT_CONVERSION = YES;
				CLANG_WARN_NON_LITERAL_NULL_CONVERSION = YES;
				CLANG_WARN_OBJC_IMPLICIT_RETAIN_SELF = YES;
				CLANG_WARN_OBJC_LITERAL_CONVERSION = YES;
				CLANG_WARN_OBJC_ROOT_CLASS = YES_ERROR;
				CLANG_WARN_QUOTED_INCLUDE_IN_FRAMEWORK_HEADER = YES;
				CLANG_WARN_RANGE_LOOP_ANALYSIS = YES;
				CLANG_WARN_STRICT_PROTOTYPES = YES;
				CLANG_WARN_SUSPICIOUS_MOVE = YES;
				CLANG_WARN_UNGUARDED_AVAILABILITY = YES_AGGRESSIVE;
				CLANG_WARN_UNREACHABLE_CODE = YES;
				CLANG_WARN__DUPLICATE_METHOD_MATCH = YES;
				COPY_PHASE_STRIP = NO;
				DEBUG_INFORMATION_FORMAT = "dwarf-with-dsym";
				ENABLE_NS_ASSERTIONS = NO;
				ENABLE_STRICT_OBJC_MSGSEND = YES;
				GCC_C_LANGUAGE_STANDARD = gnu11;
				GCC_NO_COMMON_BLOCKS = YES;
				GCC_WARN_64_TO_32_BIT_CONVERSION = YES;
				GCC_WARN_ABOUT_RETURN_TYPE = YES_ERROR;
				GCC_WARN_UNDECLARED_SELECTOR = YES;
				GCC_WARN_UNINITIALIZED_AUTOS = YES_AGGRESSIVE;
				GCC_WARN_UNUSED_FUNCTION = YES;
				GCC_WARN_UNUSED_VARIABLE = YES;
				IPHONEOS_DEPLOYMENT_TARGET = 15.5;
				MTL_ENABLE_DEBUG_INFO = NO;
				MTL_FAST_MATH = YES;
				SDKROOT = iphoneos;
				SWIFT_COMPILATION_MODE = wholemodule;
				SWIFT_OPTIMIZATION_LEVEL = "-O";
				VALIDATE_PRODUCT = YES;
			};
			name = Release;
		};
		A37AC71D28AFB3F4007EF09C /* Debug */ = {
			isa = XCBuildConfiguration;
			baseConfigurationReference = F50D41AF0E1EC17D9DF943EA /* Pods-Krungsri_assignment.debug.xcconfig */;
			buildSettings = {
				ASSETCATALOG_COMPILER_APPICON_NAME = AppIcon;
				ASSETCATALOG_COMPILER_GLOBAL_ACCENT_COLOR_NAME = AccentColor;
				CODE_SIGN_STYLE = Automatic;
				CURRENT_PROJECT_VERSION = 1;
				DEVELOPMENT_TEAM = W6F37622PU;
				GENERATE_INFOPLIST_FILE = YES;
				INFOPLIST_FILE = Krungsri_assignment/Info.plist;
				INFOPLIST_KEY_UIApplicationSupportsIndirectInputEvents = YES;
				INFOPLIST_KEY_UILaunchStoryboardName = LaunchScreen;
				INFOPLIST_KEY_UIMainStoryboardFile = Main;
				INFOPLIST_KEY_UISupportedInterfaceOrientations_iPad = "UIInterfaceOrientationPortrait UIInterfaceOrientationPortraitUpsideDown UIInterfaceOrientationLandscapeLeft UIInterfaceOrientationLandscapeRight";
				INFOPLIST_KEY_UISupportedInterfaceOrientations_iPhone = "UIInterfaceOrientationPortrait UIInterfaceOrientationLandscapeLeft UIInterfaceOrientationLandscapeRight";
				LD_RUNPATH_SEARCH_PATHS = (
					"$(inherited)",
					"@executable_path/Frameworks",
				);
				MARKETING_VERSION = 1.0;
				PRODUCT_BUNDLE_IDENTIFIER = "com.pmjs.Krungsri-assignment";
				PRODUCT_NAME = "$(TARGET_NAME)";
				SWIFT_EMIT_LOC_STRINGS = YES;
				SWIFT_VERSION = 5.0;
				TARGETED_DEVICE_FAMILY = "1,2";
			};
			name = Debug;
		};
		A37AC71E28AFB3F4007EF09C /* Release */ = {
			isa = XCBuildConfiguration;
			baseConfigurationReference = 29EC4FB9AA8952706CB11C23 /* Pods-Krungsri_assignment.release.xcconfig */;
			buildSettings = {
				ASSETCATALOG_COMPILER_APPICON_NAME = AppIcon;
				ASSETCATALOG_COMPILER_GLOBAL_ACCENT_COLOR_NAME = AccentColor;
				CODE_SIGN_STYLE = Automatic;
				CURRENT_PROJECT_VERSION = 1;
				DEVELOPMENT_TEAM = W6F37622PU;
				GENERATE_INFOPLIST_FILE = YES;
				INFOPLIST_FILE = Krungsri_assignment/Info.plist;
				INFOPLIST_KEY_UIApplicationSupportsIndirectInputEvents = YES;
				INFOPLIST_KEY_UILaunchStoryboardName = LaunchScreen;
				INFOPLIST_KEY_UIMainStoryboardFile = Main;
				INFOPLIST_KEY_UISupportedInterfaceOrientations_iPad = "UIInterfaceOrientationPortrait UIInterfaceOrientationPortraitUpsideDown UIInterfaceOrientationLandscapeLeft UIInterfaceOrientationLandscapeRight";
				INFOPLIST_KEY_UISupportedInterfaceOrientations_iPhone = "UIInterfaceOrientationPortrait UIInterfaceOrientationLandscapeLeft UIInterfaceOrientationLandscapeRight";
				LD_RUNPATH_SEARCH_PATHS = (
					"$(inherited)",
					"@executable_path/Frameworks",
				);
				MARKETING_VERSION = 1.0;
				PRODUCT_BUNDLE_IDENTIFIER = "com.pmjs.Krungsri-assignment";
				PRODUCT_NAME = "$(TARGET_NAME)";
				SWIFT_EMIT_LOC_STRINGS = YES;
				SWIFT_VERSION = 5.0;
				TARGETED_DEVICE_FAMILY = "1,2";
			};
			name = Release;
		};
/* End XCBuildConfiguration section */

/* Begin XCConfigurationList section */
		A37AC70328AFB3F4007EF09C /* Build configuration list for PBXProject "Krungsri_assignment" */ = {
			isa = XCConfigurationList;
			buildConfigurations = (
				A37AC71A28AFB3F4007EF09C /* Debug */,
				A37AC71B28AFB3F4007EF09C /* Release */,
			);
			defaultConfigurationIsVisible = 0;
			defaultConfigurationName = Release;
		};
		A37AC71C28AFB3F4007EF09C /* Build configuration list for PBXNativeTarget "Krungsri_assignment" */ = {
			isa = XCConfigurationList;
			buildConfigurations = (
				A37AC71D28AFB3F4007EF09C /* Debug */,
				A37AC71E28AFB3F4007EF09C /* Release */,
			);
			defaultConfigurationIsVisible = 0;
			defaultConfigurationName = Release;
		};
/* End XCConfigurationList section */
	};
	rootObject = A37AC70028AFB3F4007EF09C /* Project object */;
}
